
Microsoft Visual Studio Solution File, Format Version 12.00
# Visual Studio Version 17
VisualStudioVersion = 17.3.32811.315
MinimumVisualStudioVersion = 10.0.40219.1
Project("{FAE04EC0-301F-11D3-BF4B-00C04F79EFBC}") = "Lista", "Lista.csproj", "{E84FC743-AE09-43AC-9449-5F3C5E99C007}"
EndProject
Global
	GlobalSection(SolutionConfigurationPlatforms) = preSolution
		Debug|Any CPU = Debug|Any CPU
		Release|Any CPU = Release|Any CPU
	EndGlobalSection
	GlobalSection(ProjectConfigurationPlatforms) = postSolution
		{E84FC743-AE09-43AC-9449-5F3C5E99C007}.Debug|Any CPU.ActiveCfg = Debug|Any CPU
		{E84FC743-AE09-43AC-9449-5F3C5E99C007}.Debug|Any CPU.Build.0 = Debug|Any CPU
		{E84FC743-AE09-43AC-9449-5F3C5E99C007}.Release|Any CPU.ActiveCfg = Release|Any CPU
		{E84FC743-AE09-43AC-9449-5F3C5E99C007}.Release|Any CPU.Build.0 = Release|Any CPU
	EndGlobalSection
	GlobalSection(SolutionProperties) = preSolution
		HideSolutionNode = FALSE
	EndGlobalSection
	GlobalSection(ExtensibilityGlobals) = postSolution
		SolutionGuid = {158273CD-C2D8-42C5-A2F2-F6D761632061}
	EndGlobalSection
EndGlobal
