
Microsoft Visual Studio Solution File, Format Version 12.00
# Visual Studio Version 17
VisualStudioVersion = 17.3.32804.467
MinimumVisualStudioVersion = 10.0.40219.1
Project("{FAE04EC0-301F-11D3-BF4B-00C04F79EFBC}") = "Vetorees", "Vetorees.csproj", "{0AAFFA0C-5699-42C9-818F-22B35339F7B8}"
EndProject
Global
	GlobalSection(SolutionConfigurationPlatforms) = preSolution
		Debug|Any CPU = Debug|Any CPU
		Release|Any CPU = Release|Any CPU
	EndGlobalSection
	GlobalSection(ProjectConfigurationPlatforms) = postSolution
		{0AAFFA0C-5699-42C9-818F-22B35339F7B8}.Debug|Any CPU.ActiveCfg = Debug|Any CPU
		{0AAFFA0C-5699-42C9-818F-22B35339F7B8}.Debug|Any CPU.Build.0 = Debug|Any CPU
		{0AAFFA0C-5699-42C9-818F-22B35339F7B8}.Release|Any CPU.ActiveCfg = Release|Any CPU
		{0AAFFA0C-5699-42C9-818F-22B35339F7B8}.Release|Any CPU.Build.0 = Release|Any CPU
	EndGlobalSection
	GlobalSection(SolutionProperties) = preSolution
		HideSolutionNode = FALSE
	EndGlobalSection
	GlobalSection(ExtensibilityGlobals) = postSolution
		SolutionGuid = {46C29079-0ECF-4E09-A21F-3CD7166C2082}
	EndGlobalSection
EndGlobal
