
Microsoft Visual Studio Solution File, Format Version 12.00
# Visual Studio Version 17
VisualStudioVersion = 17.3.32804.467
MinimumVisualStudioVersion = 10.0.40219.1
Project("{FAE04EC0-301F-11D3-BF4B-00C04F79EFBC}") = "VetClass", "VetClass.csproj", "{E830B6B8-00ED-4DA5-A890-758E9A740042}"
EndProject
Global
	GlobalSection(SolutionConfigurationPlatforms) = preSolution
		Debug|Any CPU = Debug|Any CPU
		Release|Any CPU = Release|Any CPU
	EndGlobalSection
	GlobalSection(ProjectConfigurationPlatforms) = postSolution
		{E830B6B8-00ED-4DA5-A890-758E9A740042}.Debug|Any CPU.ActiveCfg = Debug|Any CPU
		{E830B6B8-00ED-4DA5-A890-758E9A740042}.Debug|Any CPU.Build.0 = Debug|Any CPU
		{E830B6B8-00ED-4DA5-A890-758E9A740042}.Release|Any CPU.ActiveCfg = Release|Any CPU
		{E830B6B8-00ED-4DA5-A890-758E9A740042}.Release|Any CPU.Build.0 = Release|Any CPU
	EndGlobalSection
	GlobalSection(SolutionProperties) = preSolution
		HideSolutionNode = FALSE
	EndGlobalSection
	GlobalSection(ExtensibilityGlobals) = postSolution
		SolutionGuid = {BB468138-DC6A-488A-97CE-70EF85CABB30}
	EndGlobalSection
EndGlobal
